
Microsoft Visual Studio Solution File, Format Version 12.00
# Visual Studio Version 17
VisualStudioVersion = 17.5.33414.496
MinimumVisualStudioVersion = 10.0.40219.1
Project("{FAE04EC0-301F-11D3-BF4B-00C04F79EFBC}") = "Hage Digital Services", "Al Madiina Hotel\Hage Digital Services.csproj", "{195CE9F6-9BEE-4C60-B3E3-DC6F0511837E}"
EndProject
Global
	GlobalSection(SolutionConfigurationPlatforms) = preSolution
		Debug|Any CPU = Debug|Any CPU
		Release|Any CPU = Release|Any CPU
	EndGlobalSection
	GlobalSection(ProjectConfigurationPlatforms) = postSolution
		{195CE9F6-9BEE-4C60-B3E3-DC6F0511837E}.Debug|Any CPU.ActiveCfg = Debug|Any CPU
		{195CE9F6-9BEE-4C60-B3E3-DC6F0511837E}.Debug|Any CPU.Build.0 = Debug|Any CPU
		{195CE9F6-9BEE-4C60-B3E3-DC6F0511837E}.Release|Any CPU.ActiveCfg = Release|Any CPU
		{195CE9F6-9BEE-4C60-B3E3-DC6F0511837E}.Release|Any CPU.Build.0 = Release|Any CPU
	EndGlobalSection
	GlobalSection(SolutionProperties) = preSolution
		HideSolutionNode = FALSE
	EndGlobalSection
	GlobalSection(ExtensibilityGlobals) = postSolution
		SolutionGuid = {E45FE01E-B1A0-44B8-8545-5847B5C56009}
	EndGlobalSection
EndGlobal
